
Microsoft Visual Studio Solution File, Format Version 12.00
# Visual Studio Version 17
VisualStudioVersion = 17.11.35208.52
MinimumVisualStudioVersion = 10.0.40219.1
Project("{FAE04EC0-301F-11D3-BF4B-00C04F79EFBC}") = "MagicVilla_API", "MagicVilla_API\MagicVilla_API.csproj", "{F2EA2EB4-17C6-42E2-9D6C-79F54311FA89}"
EndProject
Global
	GlobalSection(SolutionConfigurationPlatforms) = preSolution
		Debug|Any CPU = Debug|Any CPU
		Release|Any CPU = Release|Any CPU
	EndGlobalSection
	GlobalSection(ProjectConfigurationPlatforms) = postSolution
		{F2EA2EB4-17C6-42E2-9D6C-79F54311FA89}.Debug|Any CPU.ActiveCfg = Debug|Any CPU
		{F2EA2EB4-17C6-42E2-9D6C-79F54311FA89}.Debug|Any CPU.Build.0 = Debug|Any CPU
		{F2EA2EB4-17C6-42E2-9D6C-79F54311FA89}.Release|Any CPU.ActiveCfg = Release|Any CPU
		{F2EA2EB4-17C6-42E2-9D6C-79F54311FA89}.Release|Any CPU.Build.0 = Release|Any CPU
	EndGlobalSection
	GlobalSection(SolutionProperties) = preSolution
		HideSolutionNode = FALSE
	EndGlobalSection
	GlobalSection(ExtensibilityGlobals) = postSolution
		SolutionGuid = {C39A88A0-F2F4-4B4A-8A46-38CAB28685F3}
	EndGlobalSection
EndGlobal
